
Microsoft Visual Studio Solution File, Format Version 12.00
# Visual Studio 2013
VisualStudioVersion = 12.0.31101.0
MinimumVisualStudioVersion = 10.0.40219.1
Project("{FAE04EC0-301F-11D3-BF4B-00C04F79EFBC}") = "001-字符串string", "001-字符串string\001-字符串string.csproj", "{9565E474-3847-4C2A-8D22-C17D5C4F3817}"
EndProject
Project("{FAE04EC0-301F-11D3-BF4B-00C04F79EFBC}") = "002-StringBuilder字符串", "002-StringBuilder字符串\002-StringBuilder字符串.csproj", "{60A601A0-3393-4681-BEDD-D3F4ACF5E4D2}"
EndProject
Project("{FAE04EC0-301F-11D3-BF4B-00C04F79EFBC}") = "正则表达式", "正则表达式\正则表达式.csproj", "{5C80C17B-6B3D-4652-B9FD-0899BC00461D}"
EndProject
Project("{FAE04EC0-301F-11D3-BF4B-00C04F79EFBC}") = "委托", "委托\委托.csproj", "{43ABE469-6492-4CD4-8094-65525A587774}"
EndProject
Project("{FAE04EC0-301F-11D3-BF4B-00C04F79EFBC}") = "Action委托", "Action委托\Action委托.csproj", "{30C5157B-3EA3-4552-AB98-E6ADAB970106}"
EndProject
Project("{FAE04EC0-301F-11D3-BF4B-00C04F79EFBC}") = "Func委托", "Func委托\Func委托.csproj", "{D8E771C6-23D4-4806-A894-0E4EBA89DC65}"
EndProject
Project("{FAE04EC0-301F-11D3-BF4B-00C04F79EFBC}") = "冒泡排序扩展", "冒泡排序扩展\冒泡排序扩展.csproj", "{EB93654F-F340-4CB1-8610-5385B60F9011}"
EndProject
Project("{FAE04EC0-301F-11D3-BF4B-00C04F79EFBC}") = "多播委托", "多播委托\多播委托.csproj", "{8527EE4E-603A-4348-90B2-3BAA9B5DF048}"
EndProject
Project("{FAE04EC0-301F-11D3-BF4B-00C04F79EFBC}") = "匿名方法(委托)", "匿名方法(委托)\匿名方法(委托).csproj", "{382EEFA1-9F70-4727-88C0-4ED9F3A814CC}"
EndProject
Project("{FAE04EC0-301F-11D3-BF4B-00C04F79EFBC}") = "匿名方法", "匿名方法\匿名方法.csproj", "{6C8504AF-ED61-4805-A701-BDE1C2F37235}"
EndProject
Project("{FAE04EC0-301F-11D3-BF4B-00C04F79EFBC}") = "Lambda", "Lambda\Lambda.csproj", "{494BAE1E-11A0-47A6-8ADB-EAD38E750096}"
EndProject
Project("{FAE04EC0-301F-11D3-BF4B-00C04F79EFBC}") = "事件", "事件\事件.csproj", "{9F2C3A99-1F3D-44CE-845E-BFAF60AAE6BE}"
EndProject
Project("{FAE04EC0-301F-11D3-BF4B-00C04F79EFBC}") = "观察者设计模式-猫抓老鼠", "观察者设计模式-猫抓老鼠\观察者设计模式-猫抓老鼠.csproj", "{0BC902D6-2EAC-48F5-90D4-088DF0534C89}"
EndProject
Project("{FAE04EC0-301F-11D3-BF4B-00C04F79EFBC}") = "委托与事件的区别", "委托与事件的区别\委托与事件的区别.csproj", "{370E5861-5488-4CF2-BFC6-CC9EDB9384E6}"
EndProject
Project("{FAE04EC0-301F-11D3-BF4B-00C04F79EFBC}") = "LINQ", "LINQ\LINQ.csproj", "{68ABBBFD-ECFD-4AE2-A464-9B4369986C39}"
EndProject
Project("{FAE04EC0-301F-11D3-BF4B-00C04F79EFBC}") = "反射和特性", "反射和特性\反射和特性.csproj", "{8BB5AF5C-44E3-4106-B395-75EC2DC99AC1}"
EndProject
Project("{FAE04EC0-301F-11D3-BF4B-00C04F79EFBC}") = "Assembly程序集类", "Assembly程序集类\Assembly程序集类.csproj", "{5AE4D23B-D132-4928-B3B4-92944384F617}"
EndProject
Project("{FAE04EC0-301F-11D3-BF4B-00C04F79EFBC}") = "特性", "特性\特性.csproj", "{54FAF11F-D621-4A4F-8D57-CD6D350BE465}"
EndProject
Project("{FAE04EC0-301F-11D3-BF4B-00C04F79EFBC}") = "异步委托发起线程", "异步委托发起线程\异步委托发起线程.csproj", "{D3ADBFD0-3054-4B35-91F1-89CFFD85550A}"
EndProject
Project("{FAE04EC0-301F-11D3-BF4B-00C04F79EFBC}") = "几种方法检测线程的结束", "几种方法检测线程的结束\几种方法检测线程的结束.csproj", "{8F6A6C75-6D87-494E-A115-14CDF435A03A}"
EndProject
Project("{FAE04EC0-301F-11D3-BF4B-00C04F79EFBC}") = "通过Thread开启线程", "通过Thread开启线程\通过Thread开启线程.csproj", "{BBF03883-0053-4A8A-B50F-A9DE6F417DD0}"
EndProject
Project("{FAE04EC0-301F-11D3-BF4B-00C04F79EFBC}") = "后台和前台线程 优先级 状态什么的", "后台和前台线程 优先级 状态什么的\后台和前台线程 优先级 状态什么的.csproj", "{9C4F86DB-7420-411A-B8F0-7614F33311F3}"
EndProject
Project("{FAE04EC0-301F-11D3-BF4B-00C04F79EFBC}") = "线程池", "线程池\线程池.csproj", "{A7A22820-E454-4902-9B84-0891814C2CD1}"
EndProject
Project("{FAE04EC0-301F-11D3-BF4B-00C04F79EFBC}") = "任务", "任务\任务.csproj", "{D80B684E-1E6A-4AF9-AC1C-34F283BC1CB0}"
EndProject
Project("{FAE04EC0-301F-11D3-BF4B-00C04F79EFBC}") = "任务的连续和父子层次结构", "任务的连续和父子层次结构\任务的连续和父子层次结构.csproj", "{9C45870C-9E7C-4CC1-9FB9-966F4D34BDE0}"
EndProject
Project("{FAE04EC0-301F-11D3-BF4B-00C04F79EFBC}") = "线程争用问题", "线程争用问题\线程争用问题.csproj", "{1ACEB86F-0ED1-44E9-836C-8A5B2555C039}"
EndProject
Project("{FAE04EC0-301F-11D3-BF4B-00C04F79EFBC}") = "tcplistener", "tcplistener\tcplistener.csproj", "{1271D348-D44D-4267-ADF7-FBEF7E52D897}"
EndProject
Project("{FAE04EC0-301F-11D3-BF4B-00C04F79EFBC}") = "udpclient", "udpclient\udpclient.csproj", "{383FF296-6BB8-4943-9757-0DF0DD7712C8}"
EndProject
Project("{FAE04EC0-301F-11D3-BF4B-00C04F79EFBC}") = "查看文件属性FileInfo", "查看文件属性FileInfo\查看文件属性FileInfo.csproj", "{1C3BE1FA-1B7B-4953-B092-812BCDD631E5}"
EndProject
Project("{FAE04EC0-301F-11D3-BF4B-00C04F79EFBC}") = "使用File读写文件", "使用File读写文件\使用File读写文件.csproj", "{BD2A0022-FE6B-40BF-A479-49CB25509456}"
EndProject
Project("{FAE04EC0-301F-11D3-BF4B-00C04F79EFBC}") = "使用FileStream读写文件", "使用FileStream读写文件\使用FileStream读写文件.csproj", "{EBC42EC7-8446-4748-9E59-57CADC8351D1}"
EndProject
Project("{FAE04EC0-301F-11D3-BF4B-00C04F79EFBC}") = "使用StreamReader和StreamWriter读写文本文件", "使用StreamReader和StreamWriter读写文本文件\使用StreamReader和StreamWriter读写文本文件.csproj", "{4D2DD937-5690-4479-AC73-7014329C8673}"
EndProject
Project("{FAE04EC0-301F-11D3-BF4B-00C04F79EFBC}") = "xml操作", "xml操作\xml操作.csproj", "{CAA22086-6051-402B-9FEC-2C34C2E6BCA0}"
EndProject
Project("{FAE04EC0-301F-11D3-BF4B-00C04F79EFBC}") = "实战xml案例解析", "实战xml案例解析\实战xml案例解析.csproj", "{0D485C34-AAE9-447D-BD38-96098D41C004}"
EndProject
Project("{FAE04EC0-301F-11D3-BF4B-00C04F79EFBC}") = "json操作", "json操作\json操作.csproj", "{EED95A7E-0F24-456B-826A-B692D95B309C}"
EndProject
Project("{FAE04EC0-301F-11D3-BF4B-00C04F79EFBC}") = "Excel操作", "Excel操作\Excel操作.csproj", "{0B131CFC-039B-4BC3-B870-99D609CD82EA}"
EndProject
Global
	GlobalSection(SolutionConfigurationPlatforms) = preSolution
		Debug|Any CPU = Debug|Any CPU
		Release|Any CPU = Release|Any CPU
	EndGlobalSection
	GlobalSection(ProjectConfigurationPlatforms) = postSolution
		{9565E474-3847-4C2A-8D22-C17D5C4F3817}.Debug|Any CPU.ActiveCfg = Debug|Any CPU
		{9565E474-3847-4C2A-8D22-C17D5C4F3817}.Debug|Any CPU.Build.0 = Debug|Any CPU
		{9565E474-3847-4C2A-8D22-C17D5C4F3817}.Release|Any CPU.ActiveCfg = Release|Any CPU
		{9565E474-3847-4C2A-8D22-C17D5C4F3817}.Release|Any CPU.Build.0 = Release|Any CPU
		{60A601A0-3393-4681-BEDD-D3F4ACF5E4D2}.Debug|Any CPU.ActiveCfg = Debug|Any CPU
		{60A601A0-3393-4681-BEDD-D3F4ACF5E4D2}.Debug|Any CPU.Build.0 = Debug|Any CPU
		{60A601A0-3393-4681-BEDD-D3F4ACF5E4D2}.Release|Any CPU.ActiveCfg = Release|Any CPU
		{60A601A0-3393-4681-BEDD-D3F4ACF5E4D2}.Release|Any CPU.Build.0 = Release|Any CPU
		{5C80C17B-6B3D-4652-B9FD-0899BC00461D}.Debug|Any CPU.ActiveCfg = Debug|Any CPU
		{5C80C17B-6B3D-4652-B9FD-0899BC00461D}.Debug|Any CPU.Build.0 = Debug|Any CPU
		{5C80C17B-6B3D-4652-B9FD-0899BC00461D}.Release|Any CPU.ActiveCfg = Release|Any CPU
		{5C80C17B-6B3D-4652-B9FD-0899BC00461D}.Release|Any CPU.Build.0 = Release|Any CPU
		{43ABE469-6492-4CD4-8094-65525A587774}.Debug|Any CPU.ActiveCfg = Debug|Any CPU
		{43ABE469-6492-4CD4-8094-65525A587774}.Debug|Any CPU.Build.0 = Debug|Any CPU
		{43ABE469-6492-4CD4-8094-65525A587774}.Release|Any CPU.ActiveCfg = Release|Any CPU
		{43ABE469-6492-4CD4-8094-65525A587774}.Release|Any CPU.Build.0 = Release|Any CPU
		{30C5157B-3EA3-4552-AB98-E6ADAB970106}.Debug|Any CPU.ActiveCfg = Debug|Any CPU
		{30C5157B-3EA3-4552-AB98-E6ADAB970106}.Debug|Any CPU.Build.0 = Debug|Any CPU
		{30C5157B-3EA3-4552-AB98-E6ADAB970106}.Release|Any CPU.ActiveCfg = Release|Any CPU
		{30C5157B-3EA3-4552-AB98-E6ADAB970106}.Release|Any CPU.Build.0 = Release|Any CPU
		{D8E771C6-23D4-4806-A894-0E4EBA89DC65}.Debug|Any CPU.ActiveCfg = Debug|Any CPU
		{D8E771C6-23D4-4806-A894-0E4EBA89DC65}.Debug|Any CPU.Build.0 = Debug|Any CPU
		{D8E771C6-23D4-4806-A894-0E4EBA89DC65}.Release|Any CPU.ActiveCfg = Release|Any CPU
		{D8E771C6-23D4-4806-A894-0E4EBA89DC65}.Release|Any CPU.Build.0 = Release|Any CPU
		{EB93654F-F340-4CB1-8610-5385B60F9011}.Debug|Any CPU.ActiveCfg = Debug|Any CPU
		{EB93654F-F340-4CB1-8610-5385B60F9011}.Debug|Any CPU.Build.0 = Debug|Any CPU
		{EB93654F-F340-4CB1-8610-5385B60F9011}.Release|Any CPU.ActiveCfg = Release|Any CPU
		{EB93654F-F340-4CB1-8610-5385B60F9011}.Release|Any CPU.Build.0 = Release|Any CPU
		{8527EE4E-603A-4348-90B2-3BAA9B5DF048}.Debug|Any CPU.ActiveCfg = Debug|Any CPU
		{8527EE4E-603A-4348-90B2-3BAA9B5DF048}.Debug|Any CPU.Build.0 = Debug|Any CPU
		{8527EE4E-603A-4348-90B2-3BAA9B5DF048}.Release|Any CPU.ActiveCfg = Release|Any CPU
		{8527EE4E-603A-4348-90B2-3BAA9B5DF048}.Release|Any CPU.Build.0 = Release|Any CPU
		{382EEFA1-9F70-4727-88C0-4ED9F3A814CC}.Debug|Any CPU.ActiveCfg = Debug|Any CPU
		{382EEFA1-9F70-4727-88C0-4ED9F3A814CC}.Debug|Any CPU.Build.0 = Debug|Any CPU
		{382EEFA1-9F70-4727-88C0-4ED9F3A814CC}.Release|Any CPU.ActiveCfg = Release|Any CPU
		{382EEFA1-9F70-4727-88C0-4ED9F3A814CC}.Release|Any CPU.Build.0 = Release|Any CPU
		{6C8504AF-ED61-4805-A701-BDE1C2F37235}.Debug|Any CPU.ActiveCfg = Debug|Any CPU
		{6C8504AF-ED61-4805-A701-BDE1C2F37235}.Debug|Any CPU.Build.0 = Debug|Any CPU
		{6C8504AF-ED61-4805-A701-BDE1C2F37235}.Release|Any CPU.ActiveCfg = Release|Any CPU
		{6C8504AF-ED61-4805-A701-BDE1C2F37235}.Release|Any CPU.Build.0 = Release|Any CPU
		{494BAE1E-11A0-47A6-8ADB-EAD38E750096}.Debug|Any CPU.ActiveCfg = Debug|Any CPU
		{494BAE1E-11A0-47A6-8ADB-EAD38E750096}.Debug|Any CPU.Build.0 = Debug|Any CPU
		{494BAE1E-11A0-47A6-8ADB-EAD38E750096}.Release|Any CPU.ActiveCfg = Release|Any CPU
		{494BAE1E-11A0-47A6-8ADB-EAD38E750096}.Release|Any CPU.Build.0 = Release|Any CPU
		{9F2C3A99-1F3D-44CE-845E-BFAF60AAE6BE}.Debug|Any CPU.ActiveCfg = Debug|Any CPU
		{9F2C3A99-1F3D-44CE-845E-BFAF60AAE6BE}.Debug|Any CPU.Build.0 = Debug|Any CPU
		{9F2C3A99-1F3D-44CE-845E-BFAF60AAE6BE}.Release|Any CPU.ActiveCfg = Release|Any CPU
		{9F2C3A99-1F3D-44CE-845E-BFAF60AAE6BE}.Release|Any CPU.Build.0 = Release|Any CPU
		{0BC902D6-2EAC-48F5-90D4-088DF0534C89}.Debug|Any CPU.ActiveCfg = Debug|Any CPU
		{0BC902D6-2EAC-48F5-90D4-088DF0534C89}.Debug|Any CPU.Build.0 = Debug|Any CPU
		{0BC902D6-2EAC-48F5-90D4-088DF0534C89}.Release|Any CPU.ActiveCfg = Release|Any CPU
		{0BC902D6-2EAC-48F5-90D4-088DF0534C89}.Release|Any CPU.Build.0 = Release|Any CPU
		{370E5861-5488-4CF2-BFC6-CC9EDB9384E6}.Debug|Any CPU.ActiveCfg = Debug|Any CPU
		{370E5861-5488-4CF2-BFC6-CC9EDB9384E6}.Debug|Any CPU.Build.0 = Debug|Any CPU
		{370E5861-5488-4CF2-BFC6-CC9EDB9384E6}.Release|Any CPU.ActiveCfg = Release|Any CPU
		{370E5861-5488-4CF2-BFC6-CC9EDB9384E6}.Release|Any CPU.Build.0 = Release|Any CPU
		{68ABBBFD-ECFD-4AE2-A464-9B4369986C39}.Debug|Any CPU.ActiveCfg = Debug|Any CPU
		{68ABBBFD-ECFD-4AE2-A464-9B4369986C39}.Debug|Any CPU.Build.0 = Debug|Any CPU
		{68ABBBFD-ECFD-4AE2-A464-9B4369986C39}.Release|Any CPU.ActiveCfg = Release|Any CPU
		{68ABBBFD-ECFD-4AE2-A464-9B4369986C39}.Release|Any CPU.Build.0 = Release|Any CPU
		{8BB5AF5C-44E3-4106-B395-75EC2DC99AC1}.Debug|Any CPU.ActiveCfg = Debug|Any CPU
		{8BB5AF5C-44E3-4106-B395-75EC2DC99AC1}.Debug|Any CPU.Build.0 = Debug|Any CPU
		{8BB5AF5C-44E3-4106-B395-75EC2DC99AC1}.Release|Any CPU.ActiveCfg = Release|Any CPU
		{8BB5AF5C-44E3-4106-B395-75EC2DC99AC1}.Release|Any CPU.Build.0 = Release|Any CPU
		{5AE4D23B-D132-4928-B3B4-92944384F617}.Debug|Any CPU.ActiveCfg = Debug|Any CPU
		{5AE4D23B-D132-4928-B3B4-92944384F617}.Debug|Any CPU.Build.0 = Debug|Any CPU
		{5AE4D23B-D132-4928-B3B4-92944384F617}.Release|Any CPU.ActiveCfg = Release|Any CPU
		{5AE4D23B-D132-4928-B3B4-92944384F617}.Release|Any CPU.Build.0 = Release|Any CPU
		{54FAF11F-D621-4A4F-8D57-CD6D350BE465}.Debug|Any CPU.ActiveCfg = Debug|Any CPU
		{54FAF11F-D621-4A4F-8D57-CD6D350BE465}.Debug|Any CPU.Build.0 = Debug|Any CPU
		{54FAF11F-D621-4A4F-8D57-CD6D350BE465}.Release|Any CPU.ActiveCfg = Release|Any CPU
		{54FAF11F-D621-4A4F-8D57-CD6D350BE465}.Release|Any CPU.Build.0 = Release|Any CPU
		{D3ADBFD0-3054-4B35-91F1-89CFFD85550A}.Debug|Any CPU.ActiveCfg = Debug|Any CPU
		{D3ADBFD0-3054-4B35-91F1-89CFFD85550A}.Debug|Any CPU.Build.0 = Debug|Any CPU
		{D3ADBFD0-3054-4B35-91F1-89CFFD85550A}.Release|Any CPU.ActiveCfg = Release|Any CPU
		{D3ADBFD0-3054-4B35-91F1-89CFFD85550A}.Release|Any CPU.Build.0 = Release|Any CPU
		{8F6A6C75-6D87-494E-A115-14CDF435A03A}.Debug|Any CPU.ActiveCfg = Debug|Any CPU
		{8F6A6C75-6D87-494E-A115-14CDF435A03A}.Debug|Any CPU.Build.0 = Debug|Any CPU
		{8F6A6C75-6D87-494E-A115-14CDF435A03A}.Release|Any CPU.ActiveCfg = Release|Any CPU
		{8F6A6C75-6D87-494E-A115-14CDF435A03A}.Release|Any CPU.Build.0 = Release|Any CPU
		{BBF03883-0053-4A8A-B50F-A9DE6F417DD0}.Debug|Any CPU.ActiveCfg = Debug|Any CPU
		{BBF03883-0053-4A8A-B50F-A9DE6F417DD0}.Debug|Any CPU.Build.0 = Debug|Any CPU
		{BBF03883-0053-4A8A-B50F-A9DE6F417DD0}.Release|Any CPU.ActiveCfg = Release|Any CPU
		{BBF03883-0053-4A8A-B50F-A9DE6F417DD0}.Release|Any CPU.Build.0 = Release|Any CPU
		{9C4F86DB-7420-411A-B8F0-7614F33311F3}.Debug|Any CPU.ActiveCfg = Debug|Any CPU
		{9C4F86DB-7420-411A-B8F0-7614F33311F3}.Debug|Any CPU.Build.0 = Debug|Any CPU
		{9C4F86DB-7420-411A-B8F0-7614F33311F3}.Release|Any CPU.ActiveCfg = Release|Any CPU
		{9C4F86DB-7420-411A-B8F0-7614F33311F3}.Release|Any CPU.Build.0 = Release|Any CPU
		{A7A22820-E454-4902-9B84-0891814C2CD1}.Debug|Any CPU.ActiveCfg = Debug|Any CPU
		{A7A22820-E454-4902-9B84-0891814C2CD1}.Debug|Any CPU.Build.0 = Debug|Any CPU
		{A7A22820-E454-4902-9B84-0891814C2CD1}.Release|Any CPU.ActiveCfg = Release|Any CPU
		{A7A22820-E454-4902-9B84-0891814C2CD1}.Release|Any CPU.Build.0 = Release|Any CPU
		{D80B684E-1E6A-4AF9-AC1C-34F283BC1CB0}.Debug|Any CPU.ActiveCfg = Debug|Any CPU
		{D80B684E-1E6A-4AF9-AC1C-34F283BC1CB0}.Debug|Any CPU.Build.0 = Debug|Any CPU
		{D80B684E-1E6A-4AF9-AC1C-34F283BC1CB0}.Release|Any CPU.ActiveCfg = Release|Any CPU
		{D80B684E-1E6A-4AF9-AC1C-34F283BC1CB0}.Release|Any CPU.Build.0 = Release|Any CPU
		{9C45870C-9E7C-4CC1-9FB9-966F4D34BDE0}.Debug|Any CPU.ActiveCfg = Debug|Any CPU
		{9C45870C-9E7C-4CC1-9FB9-966F4D34BDE0}.Debug|Any CPU.Build.0 = Debug|Any CPU
		{9C45870C-9E7C-4CC1-9FB9-966F4D34BDE0}.Release|Any CPU.ActiveCfg = Release|Any CPU
		{9C45870C-9E7C-4CC1-9FB9-966F4D34BDE0}.Release|Any CPU.Build.0 = Release|Any CPU
		{1ACEB86F-0ED1-44E9-836C-8A5B2555C039}.Debug|Any CPU.ActiveCfg = Debug|Any CPU
		{1ACEB86F-0ED1-44E9-836C-8A5B2555C039}.Debug|Any CPU.Build.0 = Debug|Any CPU
		{1ACEB86F-0ED1-44E9-836C-8A5B2555C039}.Release|Any CPU.ActiveCfg = Release|Any CPU
		{1ACEB86F-0ED1-44E9-836C-8A5B2555C039}.Release|Any CPU.Build.0 = Release|Any CPU
		{1271D348-D44D-4267-ADF7-FBEF7E52D897}.Debug|Any CPU.ActiveCfg = Debug|Any CPU
		{1271D348-D44D-4267-ADF7-FBEF7E52D897}.Debug|Any CPU.Build.0 = Debug|Any CPU
		{1271D348-D44D-4267-ADF7-FBEF7E52D897}.Release|Any CPU.ActiveCfg = Release|Any CPU
		{1271D348-D44D-4267-ADF7-FBEF7E52D897}.Release|Any CPU.Build.0 = Release|Any CPU
		{383FF296-6BB8-4943-9757-0DF0DD7712C8}.Debug|Any CPU.ActiveCfg = Debug|Any CPU
		{383FF296-6BB8-4943-9757-0DF0DD7712C8}.Debug|Any CPU.Build.0 = Debug|Any CPU
		{383FF296-6BB8-4943-9757-0DF0DD7712C8}.Release|Any CPU.ActiveCfg = Release|Any CPU
		{383FF296-6BB8-4943-9757-0DF0DD7712C8}.Release|Any CPU.Build.0 = Release|Any CPU
		{1C3BE1FA-1B7B-4953-B092-812BCDD631E5}.Debug|Any CPU.ActiveCfg = Debug|Any CPU
		{1C3BE1FA-1B7B-4953-B092-812BCDD631E5}.Debug|Any CPU.Build.0 = Debug|Any CPU
		{1C3BE1FA-1B7B-4953-B092-812BCDD631E5}.Release|Any CPU.ActiveCfg = Release|Any CPU
		{1C3BE1FA-1B7B-4953-B092-812BCDD631E5}.Release|Any CPU.Build.0 = Release|Any CPU
		{BD2A0022-FE6B-40BF-A479-49CB25509456}.Debug|Any CPU.ActiveCfg = Debug|Any CPU
		{BD2A0022-FE6B-40BF-A479-49CB25509456}.Debug|Any CPU.Build.0 = Debug|Any CPU
		{BD2A0022-FE6B-40BF-A479-49CB25509456}.Release|Any CPU.ActiveCfg = Release|Any CPU
		{BD2A0022-FE6B-40BF-A479-49CB25509456}.Release|Any CPU.Build.0 = Release|Any CPU
		{EBC42EC7-8446-4748-9E59-57CADC8351D1}.Debug|Any CPU.ActiveCfg = Debug|Any CPU
		{EBC42EC7-8446-4748-9E59-57CADC8351D1}.Debug|Any CPU.Build.0 = Debug|Any CPU
		{EBC42EC7-8446-4748-9E59-57CADC8351D1}.Release|Any CPU.ActiveCfg = Release|Any CPU
		{EBC42EC7-8446-4748-9E59-57CADC8351D1}.Release|Any CPU.Build.0 = Release|Any CPU
		{4D2DD937-5690-4479-AC73-7014329C8673}.Debug|Any CPU.ActiveCfg = Debug|Any CPU
		{4D2DD937-5690-4479-AC73-7014329C8673}.Debug|Any CPU.Build.0 = Debug|Any CPU
		{4D2DD937-5690-4479-AC73-7014329C8673}.Release|Any CPU.ActiveCfg = Release|Any CPU
		{4D2DD937-5690-4479-AC73-7014329C8673}.Release|Any CPU.Build.0 = Release|Any CPU
		{CAA22086-6051-402B-9FEC-2C34C2E6BCA0}.Debug|Any CPU.ActiveCfg = Debug|Any CPU
		{CAA22086-6051-402B-9FEC-2C34C2E6BCA0}.Debug|Any CPU.Build.0 = Debug|Any CPU
		{CAA22086-6051-402B-9FEC-2C34C2E6BCA0}.Release|Any CPU.ActiveCfg = Release|Any CPU
		{CAA22086-6051-402B-9FEC-2C34C2E6BCA0}.Release|Any CPU.Build.0 = Release|Any CPU
		{0D485C34-AAE9-447D-BD38-96098D41C004}.Debug|Any CPU.ActiveCfg = Debug|Any CPU
		{0D485C34-AAE9-447D-BD38-96098D41C004}.Debug|Any CPU.Build.0 = Debug|Any CPU
		{0D485C34-AAE9-447D-BD38-96098D41C004}.Release|Any CPU.ActiveCfg = Release|Any CPU
		{0D485C34-AAE9-447D-BD38-96098D41C004}.Release|Any CPU.Build.0 = Release|Any CPU
		{EED95A7E-0F24-456B-826A-B692D95B309C}.Debug|Any CPU.ActiveCfg = Debug|Any CPU
		{EED95A7E-0F24-456B-826A-B692D95B309C}.Debug|Any CPU.Build.0 = Debug|Any CPU
		{EED95A7E-0F24-456B-826A-B692D95B309C}.Release|Any CPU.ActiveCfg = Release|Any CPU
		{EED95A7E-0F24-456B-826A-B692D95B309C}.Release|Any CPU.Build.0 = Release|Any CPU
		{0B131CFC-039B-4BC3-B870-99D609CD82EA}.Debug|Any CPU.ActiveCfg = Debug|Any CPU
		{0B131CFC-039B-4BC3-B870-99D609CD82EA}.Debug|Any CPU.Build.0 = Debug|Any CPU
		{0B131CFC-039B-4BC3-B870-99D609CD82EA}.Release|Any CPU.ActiveCfg = Release|Any CPU
		{0B131CFC-039B-4BC3-B870-99D609CD82EA}.Release|Any CPU.Build.0 = Release|Any CPU
	EndGlobalSection
	GlobalSection(SolutionProperties) = preSolution
		HideSolutionNode = FALSE
	EndGlobalSection
EndGlobal
