
Microsoft Visual Studio Solution File, Format Version 12.00
# Visual Studio 2013
VisualStudioVersion = 12.0.31101.0
MinimumVisualStudioVersion = 10.0.40219.1
Project("{FAE04EC0-301F-11D3-BF4B-00C04F79EFBC}") = "ConsoleApplication1", "ConsoleApplication1\ConsoleApplication1.csproj", "{ECA92D33-075B-4A8C-AC19-1D3D8909D20B}"
EndProject
Project("{FAE04EC0-301F-11D3-BF4B-00C04F79EFBC}") = "ConsoleApplication2", "ConsoleApplication2\ConsoleApplication2.csproj", "{705BE7E3-04D8-4629-B6CE-0FA93A63F234}"
EndProject
Project("{FAE04EC0-301F-11D3-BF4B-00C04F79EFBC}") = "ConsoleApplication3", "ConsoleApplication3\ConsoleApplication3.csproj", "{133BD4BF-6AD9-4AE1-B72D-92726BCA524B}"
EndProject
Project("{FAE04EC0-301F-11D3-BF4B-00C04F79EFBC}") = "Socke编程-tcp协议-服务器端", "Socke编程-tcp协议-服务器端\Socke编程-tcp协议-服务器端.csproj", "{3F2DEFE4-9CFA-4EEF-BEC9-5ECF095725E5}"
EndProject
Project("{FAE04EC0-301F-11D3-BF4B-00C04F79EFBC}") = "聊天室-socket-tcp服务器端", "聊天室-socket-tcp服务器端\聊天室-socket-tcp服务器端.csproj", "{32F9D9ED-D4D9-465E-89F0-44D8E634A243}"
EndProject
Project("{FAE04EC0-301F-11D3-BF4B-00C04F79EFBC}") = "递归", "递归\递归.csproj", "{008B17F6-8471-4C1A-9064-ED7FF3DB9500}"
EndProject
Project("{FAE04EC0-301F-11D3-BF4B-00C04F79EFBC}") = "test", "test\test.csproj", "{32FA343F-4026-4420-A456-51FD7606F784}"
EndProject
Project("{FAE04EC0-301F-11D3-BF4B-00C04F79EFBC}") = "自加和自减", "自加和自减\自加和自减.csproj", "{2A2287E0-11A3-4982-9D51-79542E3448B5}"
EndProject
Project("{FAE04EC0-301F-11D3-BF4B-00C04F79EFBC}") = "读取用户输入的字符串和数字", "读取用户输入的字符串和数字\读取用户输入的字符串和数字.csproj", "{1F634E0E-B838-42F6-BB5A-3D20261519AF}"
EndProject
Project("{FAE04EC0-301F-11D3-BF4B-00C04F79EFBC}") = "输入数字，显示和", "输入数字，显示和\输入数字，显示和.csproj", "{4926B556-FBAE-4F13-A161-1FD0849BB5E8}"
EndProject
Project("{FAE04EC0-301F-11D3-BF4B-00C04F79EFBC}") = "赋值运算符", "赋值运算符\赋值运算符.csproj", "{749C3DA9-8091-485F-85FF-FC563E88C33C}"
EndProject
Project("{FAE04EC0-301F-11D3-BF4B-00C04F79EFBC}") = "运算符优先级", "运算符优先级\运算符优先级.csproj", "{FE7AD367-2E99-443E-9483-323E0CC99F07}"
EndProject
Project("{FAE04EC0-301F-11D3-BF4B-00C04F79EFBC}") = "练习", "练习\练习.csproj", "{9248A449-A8FF-4855-BB07-D7A3FF97CDF5}"
EndProject
Project("{FAE04EC0-301F-11D3-BF4B-00C04F79EFBC}") = "布尔运算", "布尔运算\布尔运算.csproj", "{8775F3AA-C02A-4260-A544-362CB962D3C5}"
EndProject
Project("{FAE04EC0-301F-11D3-BF4B-00C04F79EFBC}") = "goto语句", "goto语句\goto语句.csproj", "{B5459F92-12C0-4FFB-B032-23B94375EBEB}"
EndProject
Project("{FAE04EC0-301F-11D3-BF4B-00C04F79EFBC}") = "if语句", "if语句\if语句.csproj", "{9B80AFF7-AC66-4AC7-9230-3F44319798BE}"
EndProject
Project("{FAE04EC0-301F-11D3-BF4B-00C04F79EFBC}") = "三元运算符", "三元运算符\三元运算符.csproj", "{9641F2F7-2565-40D4-8BB9-8027855EF2E6}"
EndProject
Project("{FAE04EC0-301F-11D3-BF4B-00C04F79EFBC}") = "else if多条件判断", "else if多条件判断\else if多条件判断.csproj", "{767DCDFB-A732-42F1-B648-C5657C143404}"
EndProject
Project("{FAE04EC0-301F-11D3-BF4B-00C04F79EFBC}") = "switch语句", "switch语句\switch语句.csproj", "{4F8085A8-BC4B-4F13-9DDE-3E20D6D3A761}"
EndProject
Project("{FAE04EC0-301F-11D3-BF4B-00C04F79EFBC}") = "while循环", "while循环\while循环.csproj", "{7D744954-F0F1-4815-9C5E-FCBE0085C610}"
EndProject
Project("{FAE04EC0-301F-11D3-BF4B-00C04F79EFBC}") = "for循环", "for循环\for循环.csproj", "{BE5D8B3F-F08F-4B5E-AD69-74B7898B4258}"
EndProject
Project("{FAE04EC0-301F-11D3-BF4B-00C04F79EFBC}") = "循环的终止语句break", "循环的终止语句break\循环的终止语句break.csproj", "{6D613357-E92C-409C-8609-253C0A4D7898}"
EndProject
Project("{FAE04EC0-301F-11D3-BF4B-00C04F79EFBC}") = "循环的中断-continue关键字", "循环的中断-continue关键字\循环的中断-continue关键字.csproj", "{C537263C-A263-4FE2-B574-AA875A32ACF3}"
EndProject
Project("{FAE04EC0-301F-11D3-BF4B-00C04F79EFBC}") = "goto和return跳出循环", "goto和return跳出循环\goto和return跳出循环.csproj", "{2A9CAFEA-9EBF-4FFC-9379-F3F75261B6CA}"
EndProject
Project("{FAE04EC0-301F-11D3-BF4B-00C04F79EFBC}") = "continue练习", "continue练习\continue练习.csproj", "{29552466-48AA-4219-B37F-43433041670E}"
EndProject
Project("{FAE04EC0-301F-11D3-BF4B-00C04F79EFBC}") = "for循环和循环的嵌套调用", "for循环和循环的嵌套调用\for循环和循环的嵌套调用.csproj", "{4B67E028-5BE2-4506-B827-A5DC0E1F4AD8}"
EndProject
Project("{FAE04EC0-301F-11D3-BF4B-00C04F79EFBC}") = "for循环嵌套调用和随机数的生成", "for循环嵌套调用和随机数的生成\for循环嵌套调用和随机数的生成.csproj", "{E65C87A2-99DB-4260-AABF-AE396466EBA7}"
EndProject
Project("{FAE04EC0-301F-11D3-BF4B-00C04F79EFBC}") = "三种循环结构的练习和字符_字符串的处理", "三种循环结构的练习和字符_字符串的处理\三种循环结构的练习和字符_字符串的处理.csproj", "{140683D5-56B9-4C81-B03F-4DA9654ED17A}"
EndProject
Project("{FAE04EC0-301F-11D3-BF4B-00C04F79EFBC}") = "循环练习和求出完数", "循环练习和求出完数\循环练习和求出完数.csproj", "{CA8DB0FC-6A1D-4D48-B5F1-658958BF20D8}"
EndProject
Project("{FAE04EC0-301F-11D3-BF4B-00C04F79EFBC}") = "显式和隐式转换", "显式和隐式转换\显式和隐式转换.csproj", "{9DD5E176-726F-4DB5-8F38-18A129BCE8DB}"
EndProject
Project("{FAE04EC0-301F-11D3-BF4B-00C04F79EFBC}") = "枚举类型", "枚举类型\枚举类型.csproj", "{9AB6EE39-B828-4E37-A191-806C3F9414BF}"
EndProject
Project("{FAE04EC0-301F-11D3-BF4B-00C04F79EFBC}") = "结构体", "结构体\结构体.csproj", "{DAC2109F-C3C1-4C61-B444-444DEEA29D9D}"
EndProject
Project("{FAE04EC0-301F-11D3-BF4B-00C04F79EFBC}") = "数组", "数组\数组.csproj", "{A27091F8-1A47-48CD-BCC5-941A596E1091}"
EndProject
Project("{FAE04EC0-301F-11D3-BF4B-00C04F79EFBC}") = "数组的遍历", "数组的遍历\数组的遍历.csproj", "{A58DEA7E-EE9D-4AEC-9409-E0FDBE59C332}"
EndProject
Project("{FAE04EC0-301F-11D3-BF4B-00C04F79EFBC}") = "字符串的各种处理方法", "字符串的各种处理方法\字符串的各种处理方法.csproj", "{F69E4466-131C-44A2-A2CA-06DF6EF65336}"
EndProject
Project("{FAE04EC0-301F-11D3-BF4B-00C04F79EFBC}") = "练习for循环", "练习for循环\练习for循环.csproj", "{B53B9207-8FD3-4226-9D3B-009DF20D9978}"
EndProject
Project("{FAE04EC0-301F-11D3-BF4B-00C04F79EFBC}") = "循环结构练习和字符操作", "循环结构练习和字符操作\循环结构练习和字符操作.csproj", "{782D3503-9BF3-4958-BCD8-0DE12C60009A}"
EndProject
Project("{FAE04EC0-301F-11D3-BF4B-00C04F79EFBC}") = "对数组的排序", "对数组的排序\对数组的排序.csproj", "{83BCAE5E-4267-4B64-B22E-8B6B3C37720F}"
EndProject
Project("{FAE04EC0-301F-11D3-BF4B-00C04F79EFBC}") = "循环练习", "循环练习\循环练习.csproj", "{30D98830-82AD-43A8-93CE-276922EF5607}"
EndProject
Project("{FAE04EC0-301F-11D3-BF4B-00C04F79EFBC}") = "循环练习2", "循环练习2\循环练习2.csproj", "{4FA400A3-6395-44A2-8EDB-C57235F12165}"
EndProject
Project("{FAE04EC0-301F-11D3-BF4B-00C04F79EFBC}") = "判断是否是回文串", "判断是否是回文串\判断是否是回文串.csproj", "{9D68AEF3-7295-4933-A8BC-4E55B4408334}"
EndProject
Project("{FAE04EC0-301F-11D3-BF4B-00C04F79EFBC}") = "函数的定义", "函数的定义\函数的定义.csproj", "{77CF95D5-2F69-46FA-959E-A8AAA54B318D}"
EndProject
Project("{FAE04EC0-301F-11D3-BF4B-00C04F79EFBC}") = "函数的定义和使用_案例练习", "函数的定义和使用_案例练习\函数的定义和使用_案例练习.csproj", "{9965E2C5-EB1F-47AA-9D86-B1C39945E533}"
EndProject
Project("{FAE04EC0-301F-11D3-BF4B-00C04F79EFBC}") = "参数数组", "参数数组\参数数组.csproj", "{0E73F882-C1E1-4BA3-BF32-B0147E17DEE2}"
EndProject
Project("{FAE04EC0-301F-11D3-BF4B-00C04F79EFBC}") = "结构函数", "结构函数\结构函数.csproj", "{93671A2F-1D6B-47F9-872A-4BA93379962A}"
EndProject
Project("{FAE04EC0-301F-11D3-BF4B-00C04F79EFBC}") = "函数的重载", "函数的重载\函数的重载.csproj", "{42CA5305-C383-4265-B3B9-FA376420E0E5}"
EndProject
Project("{FAE04EC0-301F-11D3-BF4B-00C04F79EFBC}") = "委托的定义和声明", "委托的定义和声明\委托的定义和声明.csproj", "{A4B59F57-F6DE-4390-88A2-81C4427CB33C}"
EndProject
Project("{FAE04EC0-301F-11D3-BF4B-00C04F79EFBC}") = "函数的递归调用", "函数的递归调用\函数的递归调用.csproj", "{C465A21A-6BBE-4C27-9C20-56E382C84935}"
EndProject
Project("{FAE04EC0-301F-11D3-BF4B-00C04F79EFBC}") = "循环练习和函数练习", "循环练习和函数练习\循环练习和函数练习.csproj", "{D148D4DC-C9BF-4DA2-831D-5B6C02C07C30}"
EndProject
Project("{FAE04EC0-301F-11D3-BF4B-00C04F79EFBC}") = "函数的递归_结构体_数学运算的练习", "函数的递归_结构体_数学运算的练习\函数的递归_结构体_数学运算的练习.csproj", "{6DB5226A-F389-4894-868F-6CA44B0CD7DE}"
EndProject
Project("{FAE04EC0-301F-11D3-BF4B-00C04F79EFBC}") = "循环结构的练习", "循环结构的练习\循环结构的练习.csproj", "{EC309592-A59F-4DAC-B945-20D76D9F4C5E}"
EndProject
Global
	GlobalSection(SolutionConfigurationPlatforms) = preSolution
		Debug|Any CPU = Debug|Any CPU
		Release|Any CPU = Release|Any CPU
	EndGlobalSection
	GlobalSection(ProjectConfigurationPlatforms) = postSolution
		{ECA92D33-075B-4A8C-AC19-1D3D8909D20B}.Debug|Any CPU.ActiveCfg = Debug|Any CPU
		{ECA92D33-075B-4A8C-AC19-1D3D8909D20B}.Debug|Any CPU.Build.0 = Debug|Any CPU
		{ECA92D33-075B-4A8C-AC19-1D3D8909D20B}.Release|Any CPU.ActiveCfg = Release|Any CPU
		{ECA92D33-075B-4A8C-AC19-1D3D8909D20B}.Release|Any CPU.Build.0 = Release|Any CPU
		{705BE7E3-04D8-4629-B6CE-0FA93A63F234}.Debug|Any CPU.ActiveCfg = Debug|Any CPU
		{705BE7E3-04D8-4629-B6CE-0FA93A63F234}.Debug|Any CPU.Build.0 = Debug|Any CPU
		{705BE7E3-04D8-4629-B6CE-0FA93A63F234}.Release|Any CPU.ActiveCfg = Release|Any CPU
		{705BE7E3-04D8-4629-B6CE-0FA93A63F234}.Release|Any CPU.Build.0 = Release|Any CPU
		{133BD4BF-6AD9-4AE1-B72D-92726BCA524B}.Debug|Any CPU.ActiveCfg = Debug|Any CPU
		{133BD4BF-6AD9-4AE1-B72D-92726BCA524B}.Debug|Any CPU.Build.0 = Debug|Any CPU
		{133BD4BF-6AD9-4AE1-B72D-92726BCA524B}.Release|Any CPU.ActiveCfg = Release|Any CPU
		{133BD4BF-6AD9-4AE1-B72D-92726BCA524B}.Release|Any CPU.Build.0 = Release|Any CPU
		{3F2DEFE4-9CFA-4EEF-BEC9-5ECF095725E5}.Debug|Any CPU.ActiveCfg = Debug|Any CPU
		{3F2DEFE4-9CFA-4EEF-BEC9-5ECF095725E5}.Debug|Any CPU.Build.0 = Debug|Any CPU
		{3F2DEFE4-9CFA-4EEF-BEC9-5ECF095725E5}.Release|Any CPU.ActiveCfg = Release|Any CPU
		{3F2DEFE4-9CFA-4EEF-BEC9-5ECF095725E5}.Release|Any CPU.Build.0 = Release|Any CPU
		{32F9D9ED-D4D9-465E-89F0-44D8E634A243}.Debug|Any CPU.ActiveCfg = Debug|Any CPU
		{32F9D9ED-D4D9-465E-89F0-44D8E634A243}.Debug|Any CPU.Build.0 = Debug|Any CPU
		{32F9D9ED-D4D9-465E-89F0-44D8E634A243}.Release|Any CPU.ActiveCfg = Release|Any CPU
		{32F9D9ED-D4D9-465E-89F0-44D8E634A243}.Release|Any CPU.Build.0 = Release|Any CPU
		{008B17F6-8471-4C1A-9064-ED7FF3DB9500}.Debug|Any CPU.ActiveCfg = Debug|Any CPU
		{008B17F6-8471-4C1A-9064-ED7FF3DB9500}.Debug|Any CPU.Build.0 = Debug|Any CPU
		{008B17F6-8471-4C1A-9064-ED7FF3DB9500}.Release|Any CPU.ActiveCfg = Release|Any CPU
		{008B17F6-8471-4C1A-9064-ED7FF3DB9500}.Release|Any CPU.Build.0 = Release|Any CPU
		{32FA343F-4026-4420-A456-51FD7606F784}.Debug|Any CPU.ActiveCfg = Debug|Any CPU
		{32FA343F-4026-4420-A456-51FD7606F784}.Debug|Any CPU.Build.0 = Debug|Any CPU
		{32FA343F-4026-4420-A456-51FD7606F784}.Release|Any CPU.ActiveCfg = Release|Any CPU
		{32FA343F-4026-4420-A456-51FD7606F784}.Release|Any CPU.Build.0 = Release|Any CPU
		{2A2287E0-11A3-4982-9D51-79542E3448B5}.Debug|Any CPU.ActiveCfg = Debug|Any CPU
		{2A2287E0-11A3-4982-9D51-79542E3448B5}.Debug|Any CPU.Build.0 = Debug|Any CPU
		{2A2287E0-11A3-4982-9D51-79542E3448B5}.Release|Any CPU.ActiveCfg = Release|Any CPU
		{2A2287E0-11A3-4982-9D51-79542E3448B5}.Release|Any CPU.Build.0 = Release|Any CPU
		{1F634E0E-B838-42F6-BB5A-3D20261519AF}.Debug|Any CPU.ActiveCfg = Debug|Any CPU
		{1F634E0E-B838-42F6-BB5A-3D20261519AF}.Debug|Any CPU.Build.0 = Debug|Any CPU
		{1F634E0E-B838-42F6-BB5A-3D20261519AF}.Release|Any CPU.ActiveCfg = Release|Any CPU
		{1F634E0E-B838-42F6-BB5A-3D20261519AF}.Release|Any CPU.Build.0 = Release|Any CPU
		{4926B556-FBAE-4F13-A161-1FD0849BB5E8}.Debug|Any CPU.ActiveCfg = Debug|Any CPU
		{4926B556-FBAE-4F13-A161-1FD0849BB5E8}.Debug|Any CPU.Build.0 = Debug|Any CPU
		{4926B556-FBAE-4F13-A161-1FD0849BB5E8}.Release|Any CPU.ActiveCfg = Release|Any CPU
		{4926B556-FBAE-4F13-A161-1FD0849BB5E8}.Release|Any CPU.Build.0 = Release|Any CPU
		{749C3DA9-8091-485F-85FF-FC563E88C33C}.Debug|Any CPU.ActiveCfg = Debug|Any CPU
		{749C3DA9-8091-485F-85FF-FC563E88C33C}.Debug|Any CPU.Build.0 = Debug|Any CPU
		{749C3DA9-8091-485F-85FF-FC563E88C33C}.Release|Any CPU.ActiveCfg = Release|Any CPU
		{749C3DA9-8091-485F-85FF-FC563E88C33C}.Release|Any CPU.Build.0 = Release|Any CPU
		{FE7AD367-2E99-443E-9483-323E0CC99F07}.Debug|Any CPU.ActiveCfg = Debug|Any CPU
		{FE7AD367-2E99-443E-9483-323E0CC99F07}.Debug|Any CPU.Build.0 = Debug|Any CPU
		{FE7AD367-2E99-443E-9483-323E0CC99F07}.Release|Any CPU.ActiveCfg = Release|Any CPU
		{FE7AD367-2E99-443E-9483-323E0CC99F07}.Release|Any CPU.Build.0 = Release|Any CPU
		{9248A449-A8FF-4855-BB07-D7A3FF97CDF5}.Debug|Any CPU.ActiveCfg = Debug|Any CPU
		{9248A449-A8FF-4855-BB07-D7A3FF97CDF5}.Debug|Any CPU.Build.0 = Debug|Any CPU
		{9248A449-A8FF-4855-BB07-D7A3FF97CDF5}.Release|Any CPU.ActiveCfg = Release|Any CPU
		{9248A449-A8FF-4855-BB07-D7A3FF97CDF5}.Release|Any CPU.Build.0 = Release|Any CPU
		{8775F3AA-C02A-4260-A544-362CB962D3C5}.Debug|Any CPU.ActiveCfg = Debug|Any CPU
		{8775F3AA-C02A-4260-A544-362CB962D3C5}.Debug|Any CPU.Build.0 = Debug|Any CPU
		{8775F3AA-C02A-4260-A544-362CB962D3C5}.Release|Any CPU.ActiveCfg = Release|Any CPU
		{8775F3AA-C02A-4260-A544-362CB962D3C5}.Release|Any CPU.Build.0 = Release|Any CPU
		{B5459F92-12C0-4FFB-B032-23B94375EBEB}.Debug|Any CPU.ActiveCfg = Debug|Any CPU
		{B5459F92-12C0-4FFB-B032-23B94375EBEB}.Debug|Any CPU.Build.0 = Debug|Any CPU
		{B5459F92-12C0-4FFB-B032-23B94375EBEB}.Release|Any CPU.ActiveCfg = Release|Any CPU
		{B5459F92-12C0-4FFB-B032-23B94375EBEB}.Release|Any CPU.Build.0 = Release|Any CPU
		{9B80AFF7-AC66-4AC7-9230-3F44319798BE}.Debug|Any CPU.ActiveCfg = Debug|Any CPU
		{9B80AFF7-AC66-4AC7-9230-3F44319798BE}.Debug|Any CPU.Build.0 = Debug|Any CPU
		{9B80AFF7-AC66-4AC7-9230-3F44319798BE}.Release|Any CPU.ActiveCfg = Release|Any CPU
		{9B80AFF7-AC66-4AC7-9230-3F44319798BE}.Release|Any CPU.Build.0 = Release|Any CPU
		{9641F2F7-2565-40D4-8BB9-8027855EF2E6}.Debug|Any CPU.ActiveCfg = Debug|Any CPU
		{9641F2F7-2565-40D4-8BB9-8027855EF2E6}.Debug|Any CPU.Build.0 = Debug|Any CPU
		{9641F2F7-2565-40D4-8BB9-8027855EF2E6}.Release|Any CPU.ActiveCfg = Release|Any CPU
		{9641F2F7-2565-40D4-8BB9-8027855EF2E6}.Release|Any CPU.Build.0 = Release|Any CPU
		{767DCDFB-A732-42F1-B648-C5657C143404}.Debug|Any CPU.ActiveCfg = Debug|Any CPU
		{767DCDFB-A732-42F1-B648-C5657C143404}.Debug|Any CPU.Build.0 = Debug|Any CPU
		{767DCDFB-A732-42F1-B648-C5657C143404}.Release|Any CPU.ActiveCfg = Release|Any CPU
		{767DCDFB-A732-42F1-B648-C5657C143404}.Release|Any CPU.Build.0 = Release|Any CPU
		{4F8085A8-BC4B-4F13-9DDE-3E20D6D3A761}.Debug|Any CPU.ActiveCfg = Debug|Any CPU
		{4F8085A8-BC4B-4F13-9DDE-3E20D6D3A761}.Debug|Any CPU.Build.0 = Debug|Any CPU
		{4F8085A8-BC4B-4F13-9DDE-3E20D6D3A761}.Release|Any CPU.ActiveCfg = Release|Any CPU
		{4F8085A8-BC4B-4F13-9DDE-3E20D6D3A761}.Release|Any CPU.Build.0 = Release|Any CPU
		{7D744954-F0F1-4815-9C5E-FCBE0085C610}.Debug|Any CPU.ActiveCfg = Debug|Any CPU
		{7D744954-F0F1-4815-9C5E-FCBE0085C610}.Debug|Any CPU.Build.0 = Debug|Any CPU
		{7D744954-F0F1-4815-9C5E-FCBE0085C610}.Release|Any CPU.ActiveCfg = Release|Any CPU
		{7D744954-F0F1-4815-9C5E-FCBE0085C610}.Release|Any CPU.Build.0 = Release|Any CPU
		{BE5D8B3F-F08F-4B5E-AD69-74B7898B4258}.Debug|Any CPU.ActiveCfg = Debug|Any CPU
		{BE5D8B3F-F08F-4B5E-AD69-74B7898B4258}.Debug|Any CPU.Build.0 = Debug|Any CPU
		{BE5D8B3F-F08F-4B5E-AD69-74B7898B4258}.Release|Any CPU.ActiveCfg = Release|Any CPU
		{BE5D8B3F-F08F-4B5E-AD69-74B7898B4258}.Release|Any CPU.Build.0 = Release|Any CPU
		{6D613357-E92C-409C-8609-253C0A4D7898}.Debug|Any CPU.ActiveCfg = Debug|Any CPU
		{6D613357-E92C-409C-8609-253C0A4D7898}.Debug|Any CPU.Build.0 = Debug|Any CPU
		{6D613357-E92C-409C-8609-253C0A4D7898}.Release|Any CPU.ActiveCfg = Release|Any CPU
		{6D613357-E92C-409C-8609-253C0A4D7898}.Release|Any CPU.Build.0 = Release|Any CPU
		{C537263C-A263-4FE2-B574-AA875A32ACF3}.Debug|Any CPU.ActiveCfg = Debug|Any CPU
		{C537263C-A263-4FE2-B574-AA875A32ACF3}.Debug|Any CPU.Build.0 = Debug|Any CPU
		{C537263C-A263-4FE2-B574-AA875A32ACF3}.Release|Any CPU.ActiveCfg = Release|Any CPU
		{C537263C-A263-4FE2-B574-AA875A32ACF3}.Release|Any CPU.Build.0 = Release|Any CPU
		{2A9CAFEA-9EBF-4FFC-9379-F3F75261B6CA}.Debug|Any CPU.ActiveCfg = Debug|Any CPU
		{2A9CAFEA-9EBF-4FFC-9379-F3F75261B6CA}.Debug|Any CPU.Build.0 = Debug|Any CPU
		{2A9CAFEA-9EBF-4FFC-9379-F3F75261B6CA}.Release|Any CPU.ActiveCfg = Release|Any CPU
		{2A9CAFEA-9EBF-4FFC-9379-F3F75261B6CA}.Release|Any CPU.Build.0 = Release|Any CPU
		{29552466-48AA-4219-B37F-43433041670E}.Debug|Any CPU.ActiveCfg = Debug|Any CPU
		{29552466-48AA-4219-B37F-43433041670E}.Debug|Any CPU.Build.0 = Debug|Any CPU
		{29552466-48AA-4219-B37F-43433041670E}.Release|Any CPU.ActiveCfg = Release|Any CPU
		{29552466-48AA-4219-B37F-43433041670E}.Release|Any CPU.Build.0 = Release|Any CPU
		{4B67E028-5BE2-4506-B827-A5DC0E1F4AD8}.Debug|Any CPU.ActiveCfg = Debug|Any CPU
		{4B67E028-5BE2-4506-B827-A5DC0E1F4AD8}.Debug|Any CPU.Build.0 = Debug|Any CPU
		{4B67E028-5BE2-4506-B827-A5DC0E1F4AD8}.Release|Any CPU.ActiveCfg = Release|Any CPU
		{4B67E028-5BE2-4506-B827-A5DC0E1F4AD8}.Release|Any CPU.Build.0 = Release|Any CPU
		{E65C87A2-99DB-4260-AABF-AE396466EBA7}.Debug|Any CPU.ActiveCfg = Debug|Any CPU
		{E65C87A2-99DB-4260-AABF-AE396466EBA7}.Debug|Any CPU.Build.0 = Debug|Any CPU
		{E65C87A2-99DB-4260-AABF-AE396466EBA7}.Release|Any CPU.ActiveCfg = Release|Any CPU
		{E65C87A2-99DB-4260-AABF-AE396466EBA7}.Release|Any CPU.Build.0 = Release|Any CPU
		{140683D5-56B9-4C81-B03F-4DA9654ED17A}.Debug|Any CPU.ActiveCfg = Debug|Any CPU
		{140683D5-56B9-4C81-B03F-4DA9654ED17A}.Debug|Any CPU.Build.0 = Debug|Any CPU
		{140683D5-56B9-4C81-B03F-4DA9654ED17A}.Release|Any CPU.ActiveCfg = Release|Any CPU
		{140683D5-56B9-4C81-B03F-4DA9654ED17A}.Release|Any CPU.Build.0 = Release|Any CPU
		{CA8DB0FC-6A1D-4D48-B5F1-658958BF20D8}.Debug|Any CPU.ActiveCfg = Debug|Any CPU
		{CA8DB0FC-6A1D-4D48-B5F1-658958BF20D8}.Debug|Any CPU.Build.0 = Debug|Any CPU
		{CA8DB0FC-6A1D-4D48-B5F1-658958BF20D8}.Release|Any CPU.ActiveCfg = Release|Any CPU
		{CA8DB0FC-6A1D-4D48-B5F1-658958BF20D8}.Release|Any CPU.Build.0 = Release|Any CPU
		{9DD5E176-726F-4DB5-8F38-18A129BCE8DB}.Debug|Any CPU.ActiveCfg = Debug|Any CPU
		{9DD5E176-726F-4DB5-8F38-18A129BCE8DB}.Debug|Any CPU.Build.0 = Debug|Any CPU
		{9DD5E176-726F-4DB5-8F38-18A129BCE8DB}.Release|Any CPU.ActiveCfg = Release|Any CPU
		{9DD5E176-726F-4DB5-8F38-18A129BCE8DB}.Release|Any CPU.Build.0 = Release|Any CPU
		{9AB6EE39-B828-4E37-A191-806C3F9414BF}.Debug|Any CPU.ActiveCfg = Debug|Any CPU
		{9AB6EE39-B828-4E37-A191-806C3F9414BF}.Debug|Any CPU.Build.0 = Debug|Any CPU
		{9AB6EE39-B828-4E37-A191-806C3F9414BF}.Release|Any CPU.ActiveCfg = Release|Any CPU
		{9AB6EE39-B828-4E37-A191-806C3F9414BF}.Release|Any CPU.Build.0 = Release|Any CPU
		{DAC2109F-C3C1-4C61-B444-444DEEA29D9D}.Debug|Any CPU.ActiveCfg = Debug|Any CPU
		{DAC2109F-C3C1-4C61-B444-444DEEA29D9D}.Debug|Any CPU.Build.0 = Debug|Any CPU
		{DAC2109F-C3C1-4C61-B444-444DEEA29D9D}.Release|Any CPU.ActiveCfg = Release|Any CPU
		{DAC2109F-C3C1-4C61-B444-444DEEA29D9D}.Release|Any CPU.Build.0 = Release|Any CPU
		{A27091F8-1A47-48CD-BCC5-941A596E1091}.Debug|Any CPU.ActiveCfg = Debug|Any CPU
		{A27091F8-1A47-48CD-BCC5-941A596E1091}.Debug|Any CPU.Build.0 = Debug|Any CPU
		{A27091F8-1A47-48CD-BCC5-941A596E1091}.Release|Any CPU.ActiveCfg = Release|Any CPU
		{A27091F8-1A47-48CD-BCC5-941A596E1091}.Release|Any CPU.Build.0 = Release|Any CPU
		{A58DEA7E-EE9D-4AEC-9409-E0FDBE59C332}.Debug|Any CPU.ActiveCfg = Debug|Any CPU
		{A58DEA7E-EE9D-4AEC-9409-E0FDBE59C332}.Debug|Any CPU.Build.0 = Debug|Any CPU
		{A58DEA7E-EE9D-4AEC-9409-E0FDBE59C332}.Release|Any CPU.ActiveCfg = Release|Any CPU
		{A58DEA7E-EE9D-4AEC-9409-E0FDBE59C332}.Release|Any CPU.Build.0 = Release|Any CPU
		{F69E4466-131C-44A2-A2CA-06DF6EF65336}.Debug|Any CPU.ActiveCfg = Debug|Any CPU
		{F69E4466-131C-44A2-A2CA-06DF6EF65336}.Debug|Any CPU.Build.0 = Debug|Any CPU
		{F69E4466-131C-44A2-A2CA-06DF6EF65336}.Release|Any CPU.ActiveCfg = Release|Any CPU
		{F69E4466-131C-44A2-A2CA-06DF6EF65336}.Release|Any CPU.Build.0 = Release|Any CPU
		{B53B9207-8FD3-4226-9D3B-009DF20D9978}.Debug|Any CPU.ActiveCfg = Debug|Any CPU
		{B53B9207-8FD3-4226-9D3B-009DF20D9978}.Debug|Any CPU.Build.0 = Debug|Any CPU
		{B53B9207-8FD3-4226-9D3B-009DF20D9978}.Release|Any CPU.ActiveCfg = Release|Any CPU
		{B53B9207-8FD3-4226-9D3B-009DF20D9978}.Release|Any CPU.Build.0 = Release|Any CPU
		{782D3503-9BF3-4958-BCD8-0DE12C60009A}.Debug|Any CPU.ActiveCfg = Debug|Any CPU
		{782D3503-9BF3-4958-BCD8-0DE12C60009A}.Debug|Any CPU.Build.0 = Debug|Any CPU
		{782D3503-9BF3-4958-BCD8-0DE12C60009A}.Release|Any CPU.ActiveCfg = Release|Any CPU
		{782D3503-9BF3-4958-BCD8-0DE12C60009A}.Release|Any CPU.Build.0 = Release|Any CPU
		{83BCAE5E-4267-4B64-B22E-8B6B3C37720F}.Debug|Any CPU.ActiveCfg = Debug|Any CPU
		{83BCAE5E-4267-4B64-B22E-8B6B3C37720F}.Debug|Any CPU.Build.0 = Debug|Any CPU
		{83BCAE5E-4267-4B64-B22E-8B6B3C37720F}.Release|Any CPU.ActiveCfg = Release|Any CPU
		{83BCAE5E-4267-4B64-B22E-8B6B3C37720F}.Release|Any CPU.Build.0 = Release|Any CPU
		{30D98830-82AD-43A8-93CE-276922EF5607}.Debug|Any CPU.ActiveCfg = Debug|Any CPU
		{30D98830-82AD-43A8-93CE-276922EF5607}.Debug|Any CPU.Build.0 = Debug|Any CPU
		{30D98830-82AD-43A8-93CE-276922EF5607}.Release|Any CPU.ActiveCfg = Release|Any CPU
		{30D98830-82AD-43A8-93CE-276922EF5607}.Release|Any CPU.Build.0 = Release|Any CPU
		{4FA400A3-6395-44A2-8EDB-C57235F12165}.Debug|Any CPU.ActiveCfg = Debug|Any CPU
		{4FA400A3-6395-44A2-8EDB-C57235F12165}.Debug|Any CPU.Build.0 = Debug|Any CPU
		{4FA400A3-6395-44A2-8EDB-C57235F12165}.Release|Any CPU.ActiveCfg = Release|Any CPU
		{4FA400A3-6395-44A2-8EDB-C57235F12165}.Release|Any CPU.Build.0 = Release|Any CPU
		{9D68AEF3-7295-4933-A8BC-4E55B4408334}.Debug|Any CPU.ActiveCfg = Debug|Any CPU
		{9D68AEF3-7295-4933-A8BC-4E55B4408334}.Debug|Any CPU.Build.0 = Debug|Any CPU
		{9D68AEF3-7295-4933-A8BC-4E55B4408334}.Release|Any CPU.ActiveCfg = Release|Any CPU
		{9D68AEF3-7295-4933-A8BC-4E55B4408334}.Release|Any CPU.Build.0 = Release|Any CPU
		{77CF95D5-2F69-46FA-959E-A8AAA54B318D}.Debug|Any CPU.ActiveCfg = Debug|Any CPU
		{77CF95D5-2F69-46FA-959E-A8AAA54B318D}.Debug|Any CPU.Build.0 = Debug|Any CPU
		{77CF95D5-2F69-46FA-959E-A8AAA54B318D}.Release|Any CPU.ActiveCfg = Release|Any CPU
		{77CF95D5-2F69-46FA-959E-A8AAA54B318D}.Release|Any CPU.Build.0 = Release|Any CPU
		{9965E2C5-EB1F-47AA-9D86-B1C39945E533}.Debug|Any CPU.ActiveCfg = Debug|Any CPU
		{9965E2C5-EB1F-47AA-9D86-B1C39945E533}.Debug|Any CPU.Build.0 = Debug|Any CPU
		{9965E2C5-EB1F-47AA-9D86-B1C39945E533}.Release|Any CPU.ActiveCfg = Release|Any CPU
		{9965E2C5-EB1F-47AA-9D86-B1C39945E533}.Release|Any CPU.Build.0 = Release|Any CPU
		{0E73F882-C1E1-4BA3-BF32-B0147E17DEE2}.Debug|Any CPU.ActiveCfg = Debug|Any CPU
		{0E73F882-C1E1-4BA3-BF32-B0147E17DEE2}.Debug|Any CPU.Build.0 = Debug|Any CPU
		{0E73F882-C1E1-4BA3-BF32-B0147E17DEE2}.Release|Any CPU.ActiveCfg = Release|Any CPU
		{0E73F882-C1E1-4BA3-BF32-B0147E17DEE2}.Release|Any CPU.Build.0 = Release|Any CPU
		{93671A2F-1D6B-47F9-872A-4BA93379962A}.Debug|Any CPU.ActiveCfg = Debug|Any CPU
		{93671A2F-1D6B-47F9-872A-4BA93379962A}.Debug|Any CPU.Build.0 = Debug|Any CPU
		{93671A2F-1D6B-47F9-872A-4BA93379962A}.Release|Any CPU.ActiveCfg = Release|Any CPU
		{93671A2F-1D6B-47F9-872A-4BA93379962A}.Release|Any CPU.Build.0 = Release|Any CPU
		{42CA5305-C383-4265-B3B9-FA376420E0E5}.Debug|Any CPU.ActiveCfg = Debug|Any CPU
		{42CA5305-C383-4265-B3B9-FA376420E0E5}.Debug|Any CPU.Build.0 = Debug|Any CPU
		{42CA5305-C383-4265-B3B9-FA376420E0E5}.Release|Any CPU.ActiveCfg = Release|Any CPU
		{42CA5305-C383-4265-B3B9-FA376420E0E5}.Release|Any CPU.Build.0 = Release|Any CPU
		{A4B59F57-F6DE-4390-88A2-81C4427CB33C}.Debug|Any CPU.ActiveCfg = Debug|Any CPU
		{A4B59F57-F6DE-4390-88A2-81C4427CB33C}.Debug|Any CPU.Build.0 = Debug|Any CPU
		{A4B59F57-F6DE-4390-88A2-81C4427CB33C}.Release|Any CPU.ActiveCfg = Release|Any CPU
		{A4B59F57-F6DE-4390-88A2-81C4427CB33C}.Release|Any CPU.Build.0 = Release|Any CPU
		{C465A21A-6BBE-4C27-9C20-56E382C84935}.Debug|Any CPU.ActiveCfg = Debug|Any CPU
		{C465A21A-6BBE-4C27-9C20-56E382C84935}.Debug|Any CPU.Build.0 = Debug|Any CPU
		{C465A21A-6BBE-4C27-9C20-56E382C84935}.Release|Any CPU.ActiveCfg = Release|Any CPU
		{C465A21A-6BBE-4C27-9C20-56E382C84935}.Release|Any CPU.Build.0 = Release|Any CPU
		{D148D4DC-C9BF-4DA2-831D-5B6C02C07C30}.Debug|Any CPU.ActiveCfg = Debug|Any CPU
		{D148D4DC-C9BF-4DA2-831D-5B6C02C07C30}.Debug|Any CPU.Build.0 = Debug|Any CPU
		{D148D4DC-C9BF-4DA2-831D-5B6C02C07C30}.Release|Any CPU.ActiveCfg = Release|Any CPU
		{D148D4DC-C9BF-4DA2-831D-5B6C02C07C30}.Release|Any CPU.Build.0 = Release|Any CPU
		{6DB5226A-F389-4894-868F-6CA44B0CD7DE}.Debug|Any CPU.ActiveCfg = Debug|Any CPU
		{6DB5226A-F389-4894-868F-6CA44B0CD7DE}.Debug|Any CPU.Build.0 = Debug|Any CPU
		{6DB5226A-F389-4894-868F-6CA44B0CD7DE}.Release|Any CPU.ActiveCfg = Release|Any CPU
		{6DB5226A-F389-4894-868F-6CA44B0CD7DE}.Release|Any CPU.Build.0 = Release|Any CPU
		{EC309592-A59F-4DAC-B945-20D76D9F4C5E}.Debug|Any CPU.ActiveCfg = Debug|Any CPU
		{EC309592-A59F-4DAC-B945-20D76D9F4C5E}.Debug|Any CPU.Build.0 = Debug|Any CPU
		{EC309592-A59F-4DAC-B945-20D76D9F4C5E}.Release|Any CPU.ActiveCfg = Release|Any CPU
		{EC309592-A59F-4DAC-B945-20D76D9F4C5E}.Release|Any CPU.Build.0 = Release|Any CPU
	EndGlobalSection
	GlobalSection(SolutionProperties) = preSolution
		HideSolutionNode = FALSE
	EndGlobalSection
EndGlobal
