
Microsoft Visual Studio Solution File, Format Version 12.00
# Visual Studio 2013
VisualStudioVersion = 12.0.31101.0
MinimumVisualStudioVersion = 10.0.40219.1
Project("{FAE04EC0-301F-11D3-BF4B-00C04F79EFBC}") = "001-Socket编程-tcp协议-客户端", "001-Socket编程-tcp协议-客户端\001-Socket编程-tcp协议-客户端.csproj", "{7B331D75-CD2E-4F9C-935E-E9D112484250}"
EndProject
Project("{FAE04EC0-301F-11D3-BF4B-00C04F79EFBC}") = "002-udp协议-客户端", "002-udp协议-客户端\002-udp协议-客户端.csproj", "{F6F00E31-3BFF-44FE-BE49-8CD38B7DF3B6}"
EndProject
Project("{FAE04EC0-301F-11D3-BF4B-00C04F79EFBC}") = "003-tcpclient", "003-tcpclient\003-tcpclient.csproj", "{7749E47C-9758-46C1-AD0A-6CD0C93EA5B1}"
EndProject
Project("{FAE04EC0-301F-11D3-BF4B-00C04F79EFBC}") = "004-udpclient", "004-udpclient\004-udpclient.csproj", "{99143C69-9AED-478C-B56D-0B96A48BB2AB}"
EndProject
Global
	GlobalSection(SolutionConfigurationPlatforms) = preSolution
		Debug|Any CPU = Debug|Any CPU
		Release|Any CPU = Release|Any CPU
	EndGlobalSection
	GlobalSection(ProjectConfigurationPlatforms) = postSolution
		{7B331D75-CD2E-4F9C-935E-E9D112484250}.Debug|Any CPU.ActiveCfg = Debug|Any CPU
		{7B331D75-CD2E-4F9C-935E-E9D112484250}.Debug|Any CPU.Build.0 = Debug|Any CPU
		{7B331D75-CD2E-4F9C-935E-E9D112484250}.Release|Any CPU.ActiveCfg = Release|Any CPU
		{7B331D75-CD2E-4F9C-935E-E9D112484250}.Release|Any CPU.Build.0 = Release|Any CPU
		{F6F00E31-3BFF-44FE-BE49-8CD38B7DF3B6}.Debug|Any CPU.ActiveCfg = Debug|Any CPU
		{F6F00E31-3BFF-44FE-BE49-8CD38B7DF3B6}.Debug|Any CPU.Build.0 = Debug|Any CPU
		{F6F00E31-3BFF-44FE-BE49-8CD38B7DF3B6}.Release|Any CPU.ActiveCfg = Release|Any CPU
		{F6F00E31-3BFF-44FE-BE49-8CD38B7DF3B6}.Release|Any CPU.Build.0 = Release|Any CPU
		{7749E47C-9758-46C1-AD0A-6CD0C93EA5B1}.Debug|Any CPU.ActiveCfg = Debug|Any CPU
		{7749E47C-9758-46C1-AD0A-6CD0C93EA5B1}.Debug|Any CPU.Build.0 = Debug|Any CPU
		{7749E47C-9758-46C1-AD0A-6CD0C93EA5B1}.Release|Any CPU.ActiveCfg = Release|Any CPU
		{7749E47C-9758-46C1-AD0A-6CD0C93EA5B1}.Release|Any CPU.Build.0 = Release|Any CPU
		{99143C69-9AED-478C-B56D-0B96A48BB2AB}.Debug|Any CPU.ActiveCfg = Debug|Any CPU
		{99143C69-9AED-478C-B56D-0B96A48BB2AB}.Debug|Any CPU.Build.0 = Debug|Any CPU
		{99143C69-9AED-478C-B56D-0B96A48BB2AB}.Release|Any CPU.ActiveCfg = Release|Any CPU
		{99143C69-9AED-478C-B56D-0B96A48BB2AB}.Release|Any CPU.Build.0 = Release|Any CPU
	EndGlobalSection
	GlobalSection(SolutionProperties) = preSolution
		HideSolutionNode = FALSE
	EndGlobalSection
EndGlobal
